// !$*UTF8*$!
{
	archiveVersion = 1;
	classes = {
	};
	objectVersion = 46;
	objects = {

/* Begin PBXBuildFile section */
		2B456F8D1C7F550D00C240A5 /* RECommonFunctions.m in Sources */ = {isa = PBXBuildFile; fileRef = 2B456F821C7F550D00C240A5 /* RECommonFunctions.m */; };
		2B456F8E1C7F550D00C240A5 /* REFrostedContainerViewController.m in Sources */ = {isa = PBXBuildFile; fileRef = 2B456F841C7F550D00C240A5 /* REFrostedContainerViewController.m */; };
		2B456F8F1C7F550D00C240A5 /* REFrostedViewController.m in Sources */ = {isa = PBXBuildFile; fileRef = 2B456F861C7F550D00C240A5 /* REFrostedViewController.m */; };
		2B456F901C7F550D00C240A5 /* UIImage+REFrostedViewController.m in Sources */ = {isa = PBXBuildFile; fileRef = 2B456F881C7F550D00C240A5 /* UIImage+REFrostedViewController.m */; };
		2B456F911C7F550D00C240A5 /* UIView+REFrostedViewController.m in Sources */ = {isa = PBXBuildFile; fileRef = 2B456F8A1C7F550D00C240A5 /* UIView+REFrostedViewController.m */; };
		2B456F921C7F550D00C240A5 /* UIViewController+REFrostedViewController.m in Sources */ = {isa = PBXBuildFile; fileRef = 2B456F8C1C7F550D00C240A5 /* UIViewController+REFrostedViewController.m */; };
		2B456F951C7F558900C240A5 /* STRootViewController.m in Sources */ = {isa = PBXBuildFile; fileRef = 2B456F941C7F558900C240A5 /* STRootViewController.m */; };
		2B456F981C7F570E00C240A5 /* STMenuTableViewController.m in Sources */ = {isa = PBXBuildFile; fileRef = 2B456F971C7F570E00C240A5 /* STMenuTableViewController.m */; };
		2B456F9B1C7F579C00C240A5 /* STNavigationController.m in Sources */ = {isa = PBXBuildFile; fileRef = 2B456F9A1C7F579C00C240A5 /* STNavigationController.m */; };
		2B456FA11C7F5C4400C240A5 /* STMenuTableHeaderView.xib in Resources */ = {isa = PBXBuildFile; fileRef = 2B456F9C1C7F5C4400C240A5 /* STMenuTableHeaderView.xib */; };
		2B456FA21C7F5C4400C240A5 /* STMenuTableHeaderView.m in Sources */ = {isa = PBXBuildFile; fileRef = 2B456F9E1C7F5C4400C240A5 /* STMenuTableHeaderView.m */; };
		2B456FA31C7F5C4400C240A5 /* STMenuTableViewCell.m in Sources */ = {isa = PBXBuildFile; fileRef = 2B456FA01C7F5C4400C240A5 /* STMenuTableViewCell.m */; };
		2B456FA61C7F602100C240A5 /* STMenuUserInfoTableHeaderView.m in Sources */ = {isa = PBXBuildFile; fileRef = 2B456FA51C7F602100C240A5 /* STMenuUserInfoTableHeaderView.m */; };
		2B456FA81C7F603800C240A5 /* STMenuUserInfoTableHeaderView.xib in Resources */ = {isa = PBXBuildFile; fileRef = 2B456FA71C7F603800C240A5 /* STMenuUserInfoTableHeaderView.xib */; };
		2B456FAB1C7F77C600C240A5 /* STUtility.m in Sources */ = {isa = PBXBuildFile; fileRef = 2B456FAA1C7F77C600C240A5 /* STUtility.m */; };
		2B456FB01C7F80B100C240A5 /* STProductInfoTableViewCell.m in Sources */ = {isa = PBXBuildFile; fileRef = 2B456FAE1C7F80B100C240A5 /* STProductInfoTableViewCell.m */; };
		2B456FB11C7F80B100C240A5 /* STProductInfoTableViewCell.xib in Resources */ = {isa = PBXBuildFile; fileRef = 2B456FAF1C7F80B100C240A5 /* STProductInfoTableViewCell.xib */; };
		2B456FB51C7F80E600C240A5 /* STProductInfo2TableViewCell.m in Sources */ = {isa = PBXBuildFile; fileRef = 2B456FB31C7F80E600C240A5 /* STProductInfo2TableViewCell.m */; };
		2B456FB61C7F80E600C240A5 /* STProductInfo2TableViewCell.xib in Resources */ = {isa = PBXBuildFile; fileRef = 2B456FB41C7F80E600C240A5 /* STProductInfo2TableViewCell.xib */; };
		2B456FBB1C7F810F00C240A5 /* STProductDescriptionTableViewCell.m in Sources */ = {isa = PBXBuildFile; fileRef = 2B456FB91C7F810F00C240A5 /* STProductDescriptionTableViewCell.m */; };
		2B456FBC1C7F810F00C240A5 /* STProductDescriptionTableViewCell.xib in Resources */ = {isa = PBXBuildFile; fileRef = 2B456FBA1C7F810F00C240A5 /* STProductDescriptionTableViewCell.xib */; };
		2BA72EE71C7DC8F0006105B6 /* main.m in Sources */ = {isa = PBXBuildFile; fileRef = 2BA72EE61C7DC8F0006105B6 /* main.m */; };
		2BA72EEA1C7DC8F0006105B6 /* STAppDelegate.m in Sources */ = {isa = PBXBuildFile; fileRef = 2BA72EE91C7DC8F0006105B6 /* STAppDelegate.m */; };
		2BA72EED1C7DC8F0006105B6 /* STViewController.m in Sources */ = {isa = PBXBuildFile; fileRef = 2BA72EEC1C7DC8F0006105B6 /* STViewController.m */; };
		2BA72EF01C7DC8F0006105B6 /* Main.storyboard in Resources */ = {isa = PBXBuildFile; fileRef = 2BA72EEE1C7DC8F0006105B6 /* Main.storyboard */; };
		2BA72EF21C7DC8F0006105B6 /* Assets.xcassets in Resources */ = {isa = PBXBuildFile; fileRef = 2BA72EF11C7DC8F0006105B6 /* Assets.xcassets */; };
		2BA72EF51C7DC8F0006105B6 /* LaunchScreen.storyboard in Resources */ = {isa = PBXBuildFile; fileRef = 2BA72EF31C7DC8F0006105B6 /* LaunchScreen.storyboard */; };
		2BA72F001C7DC8F0006105B6 /* SublimeTeaTests.m in Sources */ = {isa = PBXBuildFile; fileRef = 2BA72EFF1C7DC8F0006105B6 /* SublimeTeaTests.m */; };
		2BA72F0B1C7DC8F0006105B6 /* SublimeTeaUITests.m in Sources */ = {isa = PBXBuildFile; fileRef = 2BA72F0A1C7DC8F0006105B6 /* SublimeTeaUITests.m */; };
		2BFA1B751C7DFEC1008C4833 /* MBProgressHUD.m in Sources */ = {isa = PBXBuildFile; fileRef = 2BFA1B741C7DFEC1008C4833 /* MBProgressHUD.m */; };
		2BFA1B7B1C7DFF52008C4833 /* STGlobalCacheManager.m in Sources */ = {isa = PBXBuildFile; fileRef = 2BFA1B7A1C7DFF52008C4833 /* STGlobalCacheManager.m */; };
		2BFA1B841C7E00E3008C4833 /* XMLDictionary.m in Sources */ = {isa = PBXBuildFile; fileRef = 2BFA1B831C7E00E3008C4833 /* XMLDictionary.m */; };
		2BFA1B871C7E0121008C4833 /* STConstants.m in Sources */ = {isa = PBXBuildFile; fileRef = 2BFA1B861C7E0121008C4833 /* STConstants.m */; };
		2BFA1B8D1C7E0381008C4833 /* STLoginViewController.m in Sources */ = {isa = PBXBuildFile; fileRef = 2BFA1B8C1C7E0381008C4833 /* STLoginViewController.m */; };
		2BFA1B911C7E03B2008C4833 /* STForgotPasswordViewController.m in Sources */ = {isa = PBXBuildFile; fileRef = 2BFA1B901C7E03B2008C4833 /* STForgotPasswordViewController.m */; };
		2BFA1B981C7E0451008C4833 /* STDashboardViewController.m in Sources */ = {isa = PBXBuildFile; fileRef = 2BFA1B971C7E0451008C4833 /* STDashboardViewController.m */; };
		2BFA1B9F1C7E0574008C4833 /* STProductViewController.m in Sources */ = {isa = PBXBuildFile; fileRef = 2BFA1B9E1C7E0574008C4833 /* STProductViewController.m */; };
		2BFA1BA21C7E058B008C4833 /* STProductDetailViewController.m in Sources */ = {isa = PBXBuildFile; fileRef = 2BFA1BA11C7E058B008C4833 /* STProductDetailViewController.m */; };
		2BFA1BA61C7E0604008C4833 /* STOrderListViewController.m in Sources */ = {isa = PBXBuildFile; fileRef = 2BFA1BA51C7E0604008C4833 /* STOrderListViewController.m */; };
		2BFA1BAA1C7E07F3008C4833 /* STUserProfileViewController.m in Sources */ = {isa = PBXBuildFile; fileRef = 2BFA1BA91C7E07F3008C4833 /* STUserProfileViewController.m */; };
		2BFA1BB41C7E0966008C4833 /* STSignUpViewController.m in Sources */ = {isa = PBXBuildFile; fileRef = 2BFA1BB31C7E0966008C4833 /* STSignUpViewController.m */; };
		2BFA1BB71C7E09AA008C4833 /* STProductCategoriesViewController.m in Sources */ = {isa = PBXBuildFile; fileRef = 2BFA1BB61C7E09AA008C4833 /* STProductCategoriesViewController.m */; };
		2BFA1BBA1C7E09EA008C4833 /* STOrderConfirmationViewController.m in Sources */ = {isa = PBXBuildFile; fileRef = 2BFA1BB91C7E09EA008C4833 /* STOrderConfirmationViewController.m */; };
		2BFA1BBD1C7E0A21008C4833 /* STCartViewController.m in Sources */ = {isa = PBXBuildFile; fileRef = 2BFA1BBC1C7E0A21008C4833 /* STCartViewController.m */; };
		2BFA1BC81C7E0DCA008C4833 /* STHttpRequest.m in Sources */ = {isa = PBXBuildFile; fileRef = 2BFA1BC51C7E0DCA008C4833 /* STHttpRequest.m */; };
		2BFA1BC91C7E0DCA008C4833 /* Reachability.m in Sources */ = {isa = PBXBuildFile; fileRef = 2BFA1BC71C7E0DCA008C4833 /* Reachability.m */; };
		2BFA1BCB1C7E262D008C4833 /* _night_bg.jpg in Resources */ = {isa = PBXBuildFile; fileRef = 2BFA1BCA1C7E262D008C4833 /* _night_bg.jpg */; };
		2BFA1BCF1C7E30F6008C4833 /* STProductCategoryHeaderCollectionReusableView.m in Sources */ = {isa = PBXBuildFile; fileRef = 2BFA1BCE1C7E30F6008C4833 /* STProductCategoryHeaderCollectionReusableView.m */; };
		2BFA1BD21C7E3118008C4833 /* STProductCategoryCollectionViewCell.m in Sources */ = {isa = PBXBuildFile; fileRef = 2BFA1BD11C7E3118008C4833 /* STProductCategoryCollectionViewCell.m */; };
		2BFA1BD41C7E3763008C4833 /* teaCup.jpeg in Resources */ = {isa = PBXBuildFile; fileRef = 2BFA1BD31C7E3763008C4833 /* teaCup.jpeg */; };
		2BFA1BD81C7E3A28008C4833 /* STProductListCollectionViewCell.m in Sources */ = {isa = PBXBuildFile; fileRef = 2BFA1BD71C7E3A28008C4833 /* STProductListCollectionViewCell.m */; };
/* End PBXBuildFile section */

/* Begin PBXContainerItemProxy section */
		2BA72EFC1C7DC8F0006105B6 /* PBXContainerItemProxy */ = {
			isa = PBXContainerItemProxy;
			containerPortal = 2BA72EDA1C7DC8F0006105B6 /* Project object */;
			proxyType = 1;
			remoteGlobalIDString = 2BA72EE11C7DC8F0006105B6;
			remoteInfo = SublimeTea;
		};
		2BA72F071C7DC8F0006105B6 /* PBXContainerItemProxy */ = {
			isa = PBXContainerItemProxy;
			containerPortal = 2BA72EDA1C7DC8F0006105B6 /* Project object */;
			proxyType = 1;
			remoteGlobalIDString = 2BA72EE11C7DC8F0006105B6;
			remoteInfo = SublimeTea;
		};
/* End PBXContainerItemProxy section */

/* Begin PBXFileReference section */
		2B456F811C7F550D00C240A5 /* RECommonFunctions.h */ = {isa = PBXFileReference; fileEncoding = 4; lastKnownFileType = sourcecode.c.h; path = RECommonFunctions.h; sourceTree = "<group>"; };
		2B456F821C7F550D00C240A5 /* RECommonFunctions.m */ = {isa = PBXFileReference; fileEncoding = 4; lastKnownFileType = sourcecode.c.objc; path = RECommonFunctions.m; sourceTree = "<group>"; };
		2B456F831C7F550D00C240A5 /* REFrostedContainerViewController.h */ = {isa = PBXFileReference; fileEncoding = 4; lastKnownFileType = sourcecode.c.h; path = REFrostedContainerViewController.h; sourceTree = "<group>"; };
		2B456F841C7F550D00C240A5 /* REFrostedContainerViewController.m */ = {isa = PBXFileReference; fileEncoding = 4; lastKnownFileType = sourcecode.c.objc; path = REFrostedContainerViewController.m; sourceTree = "<group>"; };
		2B456F851C7F550D00C240A5 /* REFrostedViewController.h */ = {isa = PBXFileReference; fileEncoding = 4; lastKnownFileType = sourcecode.c.h; path = REFrostedViewController.h; sourceTree = "<group>"; };
		2B456F861C7F550D00C240A5 /* REFrostedViewController.m */ = {isa = PBXFileReference; fileEncoding = 4; lastKnownFileType = sourcecode.c.objc; path = REFrostedViewController.m; sourceTree = "<group>"; };
		2B456F871C7F550D00C240A5 /* UIImage+REFrostedViewController.h */ = {isa = PBXFileReference; fileEncoding = 4; lastKnownFileType = sourcecode.c.h; path = "UIImage+REFrostedViewController.h"; sourceTree = "<group>"; };
		2B456F881C7F550D00C240A5 /* UIImage+REFrostedViewController.m */ = {isa = PBXFileReference; fileEncoding = 4; lastKnownFileType = sourcecode.c.objc; path = "UIImage+REFrostedViewController.m"; sourceTree = "<group>"; };
		2B456F891C7F550D00C240A5 /* UIView+REFrostedViewController.h */ = {isa = PBXFileReference; fileEncoding = 4; lastKnownFileType = sourcecode.c.h; path = "UIView+REFrostedViewController.h"; sourceTree = "<group>"; };
		2B456F8A1C7F550D00C240A5 /* UIView+REFrostedViewController.m */ = {isa = PBXFileReference; fileEncoding = 4; lastKnownFileType = sourcecode.c.objc; path = "UIView+REFrostedViewController.m"; sourceTree = "<group>"; };
		2B456F8B1C7F550D00C240A5 /* UIViewController+REFrostedViewController.h */ = {isa = PBXFileReference; fileEncoding = 4; lastKnownFileType = sourcecode.c.h; path = "UIViewController+REFrostedViewController.h"; sourceTree = "<group>"; };
		2B456F8C1C7F550D00C240A5 /* UIViewController+REFrostedViewController.m */ = {isa = PBXFileReference; fileEncoding = 4; lastKnownFileType = sourcecode.c.objc; path = "UIViewController+REFrostedViewController.m"; sourceTree = "<group>"; };
		2B456F931C7F558900C240A5 /* STRootViewController.h */ = {isa = PBXFileReference; fileEncoding = 4; lastKnownFileType = sourcecode.c.h; path = STRootViewController.h; sourceTree = "<group>"; };
		2B456F941C7F558900C240A5 /* STRootViewController.m */ = {isa = PBXFileReference; fileEncoding = 4; lastKnownFileType = sourcecode.c.objc; path = STRootViewController.m; sourceTree = "<group>"; };
		2B456F961C7F570E00C240A5 /* STMenuTableViewController.h */ = {isa = PBXFileReference; fileEncoding = 4; lastKnownFileType = sourcecode.c.h; name = STMenuTableViewController.h; path = Menu/STMenuTableViewController.h; sourceTree = "<group>"; };
		2B456F971C7F570E00C240A5 /* STMenuTableViewController.m */ = {isa = PBXFileReference; fileEncoding = 4; lastKnownFileType = sourcecode.c.objc; name = STMenuTableViewController.m; path = Menu/STMenuTableViewController.m; sourceTree = "<group>"; };
		2B456F991C7F579C00C240A5 /* STNavigationController.h */ = {isa = PBXFileReference; fileEncoding = 4; lastKnownFileType = sourcecode.c.h; path = STNavigationController.h; sourceTree = "<group>"; };
		2B456F9A1C7F579C00C240A5 /* STNavigationController.m */ = {isa = PBXFileReference; fileEncoding = 4; lastKnownFileType = sourcecode.c.objc; path = STNavigationController.m; sourceTree = "<group>"; };
		2B456F9C1C7F5C4400C240A5 /* STMenuTableHeaderView.xib */ = {isa = PBXFileReference; fileEncoding = 4; lastKnownFileType = file.xib; path = STMenuTableHeaderView.xib; sourceTree = "<group>"; };
		2B456F9D1C7F5C4400C240A5 /* STMenuTableHeaderView.h */ = {isa = PBXFileReference; fileEncoding = 4; lastKnownFileType = sourcecode.c.h; path = STMenuTableHeaderView.h; sourceTree = "<group>"; };
		2B456F9E1C7F5C4400C240A5 /* STMenuTableHeaderView.m */ = {isa = PBXFileReference; fileEncoding = 4; lastKnownFileType = sourcecode.c.objc; path = STMenuTableHeaderView.m; sourceTree = "<group>"; };
		2B456F9F1C7F5C4400C240A5 /* STMenuTableViewCell.h */ = {isa = PBXFileReference; fileEncoding = 4; lastKnownFileType = sourcecode.c.h; path = STMenuTableViewCell.h; sourceTree = "<group>"; };
		2B456FA01C7F5C4400C240A5 /* STMenuTableViewCell.m */ = {isa = PBXFileReference; fileEncoding = 4; lastKnownFileType = sourcecode.c.objc; path = STMenuTableViewCell.m; sourceTree = "<group>"; };
		2B456FA41C7F602100C240A5 /* STMenuUserInfoTableHeaderView.h */ = {isa = PBXFileReference; fileEncoding = 4; lastKnownFileType = sourcecode.c.h; name = STMenuUserInfoTableHeaderView.h; path = Menu/STMenuUserInfoTableHeaderView.h; sourceTree = "<group>"; };
		2B456FA51C7F602100C240A5 /* STMenuUserInfoTableHeaderView.m */ = {isa = PBXFileReference; fileEncoding = 4; lastKnownFileType = sourcecode.c.objc; name = STMenuUserInfoTableHeaderView.m; path = Menu/STMenuUserInfoTableHeaderView.m; sourceTree = "<group>"; };
		2B456FA71C7F603800C240A5 /* STMenuUserInfoTableHeaderView.xib */ = {isa = PBXFileReference; fileEncoding = 4; lastKnownFileType = file.xib; name = STMenuUserInfoTableHeaderView.xib; path = Menu/STMenuUserInfoTableHeaderView.xib; sourceTree = "<group>"; };
		2B456FA91C7F77C600C240A5 /* STUtility.h */ = {isa = PBXFileReference; fileEncoding = 4; lastKnownFileType = sourcecode.c.h; path = STUtility.h; sourceTree = "<group>"; };
		2B456FAA1C7F77C600C240A5 /* STUtility.m */ = {isa = PBXFileReference; fileEncoding = 4; lastKnownFileType = sourcecode.c.objc; path = STUtility.m; sourceTree = "<group>"; };
		2B456FAD1C7F80B100C240A5 /* STProductInfoTableViewCell.h */ = {isa = PBXFileReference; fileEncoding = 4; lastKnownFileType = sourcecode.c.h; name = STProductInfoTableViewCell.h; path = Product/STProductInfoTableViewCell.h; sourceTree = "<group>"; };
		2B456FAE1C7F80B100C240A5 /* STProductInfoTableViewCell.m */ = {isa = PBXFileReference; fileEncoding = 4; lastKnownFileType = sourcecode.c.objc; name = STProductInfoTableViewCell.m; path = Product/STProductInfoTableViewCell.m; sourceTree = "<group>"; };
		2B456FAF1C7F80B100C240A5 /* STProductInfoTableViewCell.xib */ = {isa = PBXFileReference; fileEncoding = 4; lastKnownFileType = file.xib; name = STProductInfoTableViewCell.xib; path = Product/STProductInfoTableViewCell.xib; sourceTree = "<group>"; };
		2B456FB21C7F80E600C240A5 /* STProductInfo2TableViewCell.h */ = {isa = PBXFileReference; fileEncoding = 4; lastKnownFileType = sourcecode.c.h; path = STProductInfo2TableViewCell.h; sourceTree = "<group>"; };
		2B456FB31C7F80E600C240A5 /* STProductInfo2TableViewCell.m */ = {isa = PBXFileReference; fileEncoding = 4; lastKnownFileType = sourcecode.c.objc; path = STProductInfo2TableViewCell.m; sourceTree = "<group>"; };
		2B456FB41C7F80E600C240A5 /* STProductInfo2TableViewCell.xib */ = {isa = PBXFileReference; fileEncoding = 4; lastKnownFileType = file.xib; path = STProductInfo2TableViewCell.xib; sourceTree = "<group>"; };
		2B456FB81C7F810F00C240A5 /* STProductDescriptionTableViewCell.h */ = {isa = PBXFileReference; fileEncoding = 4; lastKnownFileType = sourcecode.c.h; name = STProductDescriptionTableViewCell.h; path = Product/STProductDescriptionTableViewCell.h; sourceTree = "<group>"; };
		2B456FB91C7F810F00C240A5 /* STProductDescriptionTableViewCell.m */ = {isa = PBXFileReference; fileEncoding = 4; lastKnownFileType = sourcecode.c.objc; name = STProductDescriptionTableViewCell.m; path = Product/STProductDescriptionTableViewCell.m; sourceTree = "<group>"; };
		2B456FBA1C7F810F00C240A5 /* STProductDescriptionTableViewCell.xib */ = {isa = PBXFileReference; fileEncoding = 4; lastKnownFileType = file.xib; name = STProductDescriptionTableViewCell.xib; path = Product/STProductDescriptionTableViewCell.xib; sourceTree = "<group>"; };
		2BA72EE21C7DC8F0006105B6 /* SublimeTea.app */ = {isa = PBXFileReference; explicitFileType = wrapper.application; includeInIndex = 0; path = SublimeTea.app; sourceTree = BUILT_PRODUCTS_DIR; };
		2BA72EE61C7DC8F0006105B6 /* main.m */ = {isa = PBXFileReference; lastKnownFileType = sourcecode.c.objc; path = main.m; sourceTree = "<group>"; };
		2BA72EE81C7DC8F0006105B6 /* STAppDelegate.h */ = {isa = PBXFileReference; lastKnownFileType = sourcecode.c.h; path = STAppDelegate.h; sourceTree = "<group>"; };
		2BA72EE91C7DC8F0006105B6 /* STAppDelegate.m */ = {isa = PBXFileReference; lastKnownFileType = sourcecode.c.objc; path = STAppDelegate.m; sourceTree = "<group>"; };
		2BA72EEB1C7DC8F0006105B6 /* STViewController.h */ = {isa = PBXFileReference; lastKnownFileType = sourcecode.c.h; path = STViewController.h; sourceTree = "<group>"; };
		2BA72EEC1C7DC8F0006105B6 /* STViewController.m */ = {isa = PBXFileReference; lastKnownFileType = sourcecode.c.objc; path = STViewController.m; sourceTree = "<group>"; };
		2BA72EEF1C7DC8F0006105B6 /* Base */ = {isa = PBXFileReference; lastKnownFileType = file.storyboard; name = Base; path = Base.lproj/Main.storyboard; sourceTree = "<group>"; };
		2BA72EF11C7DC8F0006105B6 /* Assets.xcassets */ = {isa = PBXFileReference; lastKnownFileType = folder.assetcatalog; path = Assets.xcassets; sourceTree = "<group>"; };
		2BA72EF41C7DC8F0006105B6 /* Base */ = {isa = PBXFileReference; lastKnownFileType = file.storyboard; name = Base; path = Base.lproj/LaunchScreen.storyboard; sourceTree = "<group>"; };
		2BA72EF61C7DC8F0006105B6 /* Info.plist */ = {isa = PBXFileReference; lastKnownFileType = text.plist.xml; path = Info.plist; sourceTree = "<group>"; };
		2BA72EFB1C7DC8F0006105B6 /* SublimeTeaTests.xctest */ = {isa = PBXFileReference; explicitFileType = wrapper.cfbundle; includeInIndex = 0; path = SublimeTeaTests.xctest; sourceTree = BUILT_PRODUCTS_DIR; };
		2BA72EFF1C7DC8F0006105B6 /* SublimeTeaTests.m */ = {isa = PBXFileReference; lastKnownFileType = sourcecode.c.objc; path = SublimeTeaTests.m; sourceTree = "<group>"; };
		2BA72F011C7DC8F0006105B6 /* Info.plist */ = {isa = PBXFileReference; lastKnownFileType = text.plist.xml; path = Info.plist; sourceTree = "<group>"; };
		2BA72F061C7DC8F0006105B6 /* SublimeTeaUITests.xctest */ = {isa = PBXFileReference; explicitFileType = wrapper.cfbundle; includeInIndex = 0; path = SublimeTeaUITests.xctest; sourceTree = BUILT_PRODUCTS_DIR; };
		2BA72F0A1C7DC8F0006105B6 /* SublimeTeaUITests.m */ = {isa = PBXFileReference; lastKnownFileType = sourcecode.c.objc; path = SublimeTeaUITests.m; sourceTree = "<group>"; };
		2BA72F0C1C7DC8F0006105B6 /* Info.plist */ = {isa = PBXFileReference; lastKnownFileType = text.plist.xml; path = Info.plist; sourceTree = "<group>"; };
		2BFA1B731C7DFEC1008C4833 /* MBProgressHUD.h */ = {isa = PBXFileReference; fileEncoding = 4; lastKnownFileType = sourcecode.c.h; name = MBProgressHUD.h; path = Utilities/MBProgressHUD.h; sourceTree = "<group>"; };
		2BFA1B741C7DFEC1008C4833 /* MBProgressHUD.m */ = {isa = PBXFileReference; fileEncoding = 4; lastKnownFileType = sourcecode.c.objc; name = MBProgressHUD.m; path = Utilities/MBProgressHUD.m; sourceTree = "<group>"; };
		2BFA1B791C7DFF52008C4833 /* STGlobalCacheManager.h */ = {isa = PBXFileReference; fileEncoding = 4; lastKnownFileType = sourcecode.c.h; name = STGlobalCacheManager.h; path = Utilities/STGlobalCacheManager.h; sourceTree = "<group>"; };
		2BFA1B7A1C7DFF52008C4833 /* STGlobalCacheManager.m */ = {isa = PBXFileReference; fileEncoding = 4; lastKnownFileType = sourcecode.c.objc; name = STGlobalCacheManager.m; path = Utilities/STGlobalCacheManager.m; sourceTree = "<group>"; };
		2BFA1B821C7E00E3008C4833 /* XMLDictionary.h */ = {isa = PBXFileReference; fileEncoding = 4; lastKnownFileType = sourcecode.c.h; name = XMLDictionary.h; path = Utilities/XMLDictionary.h; sourceTree = "<group>"; };
		2BFA1B831C7E00E3008C4833 /* XMLDictionary.m */ = {isa = PBXFileReference; fileEncoding = 4; lastKnownFileType = sourcecode.c.objc; name = XMLDictionary.m; path = Utilities/XMLDictionary.m; sourceTree = "<group>"; };
		2BFA1B851C7E0121008C4833 /* STConstants.h */ = {isa = PBXFileReference; fileEncoding = 4; lastKnownFileType = sourcecode.c.h; name = STConstants.h; path = Utilities/STConstants.h; sourceTree = "<group>"; };
		2BFA1B861C7E0121008C4833 /* STConstants.m */ = {isa = PBXFileReference; fileEncoding = 4; lastKnownFileType = sourcecode.c.objc; name = STConstants.m; path = Utilities/STConstants.m; sourceTree = "<group>"; };
		2BFA1B8B1C7E0381008C4833 /* STLoginViewController.h */ = {isa = PBXFileReference; fileEncoding = 4; lastKnownFileType = sourcecode.c.h; name = STLoginViewController.h; path = "Login:SignUp/STLoginViewController.h"; sourceTree = "<group>"; };
		2BFA1B8C1C7E0381008C4833 /* STLoginViewController.m */ = {isa = PBXFileReference; fileEncoding = 4; lastKnownFileType = sourcecode.c.objc; name = STLoginViewController.m; path = "Login:SignUp/STLoginViewController.m"; sourceTree = "<group>"; };
		2BFA1B8F1C7E03B2008C4833 /* STForgotPasswordViewController.h */ = {isa = PBXFileReference; fileEncoding = 4; lastKnownFileType = sourcecode.c.h; name = STForgotPasswordViewController.h; path = "Login:SignUp/STForgotPasswordViewController.h"; sourceTree = "<group>"; };
		2BFA1B901C7E03B2008C4833 /* STForgotPasswordViewController.m */ = {isa = PBXFileReference; fileEncoding = 4; lastKnownFileType = sourcecode.c.objc; name = STForgotPasswordViewController.m; path = "Login:SignUp/STForgotPasswordViewController.m"; sourceTree = "<group>"; };
		2BFA1B961C7E0451008C4833 /* STDashboardViewController.h */ = {isa = PBXFileReference; fileEncoding = 4; lastKnownFileType = sourcecode.c.h; name = STDashboardViewController.h; path = Dashboard/STDashboardViewController.h; sourceTree = "<group>"; };
		2BFA1B971C7E0451008C4833 /* STDashboardViewController.m */ = {isa = PBXFileReference; fileEncoding = 4; lastKnownFileType = sourcecode.c.objc; name = STDashboardViewController.m; path = Dashboard/STDashboardViewController.m; sourceTree = "<group>"; };
		2BFA1B9D1C7E0574008C4833 /* STProductViewController.h */ = {isa = PBXFileReference; fileEncoding = 4; lastKnownFileType = sourcecode.c.h; name = STProductViewController.h; path = Product/STProductViewController.h; sourceTree = "<group>"; };
		2BFA1B9E1C7E0574008C4833 /* STProductViewController.m */ = {isa = PBXFileReference; fileEncoding = 4; lastKnownFileType = sourcecode.c.objc; name = STProductViewController.m; path = Product/STProductViewController.m; sourceTree = "<group>"; };
		2BFA1BA01C7E058B008C4833 /* STProductDetailViewController.h */ = {isa = PBXFileReference; fileEncoding = 4; lastKnownFileType = sourcecode.c.h; name = STProductDetailViewController.h; path = Product/STProductDetailViewController.h; sourceTree = "<group>"; };
		2BFA1BA11C7E058B008C4833 /* STProductDetailViewController.m */ = {isa = PBXFileReference; fileEncoding = 4; lastKnownFileType = sourcecode.c.objc; name = STProductDetailViewController.m; path = Product/STProductDetailViewController.m; sourceTree = "<group>"; };
		2BFA1BA41C7E0604008C4833 /* STOrderListViewController.h */ = {isa = PBXFileReference; fileEncoding = 4; lastKnownFileType = sourcecode.c.h; name = STOrderListViewController.h; path = User/Orders/STOrderListViewController.h; sourceTree = "<group>"; };
		2BFA1BA51C7E0604008C4833 /* STOrderListViewController.m */ = {isa = PBXFileReference; fileEncoding = 4; lastKnownFileType = sourcecode.c.objc; name = STOrderListViewController.m; path = User/Orders/STOrderListViewController.m; sourceTree = "<group>"; };
		2BFA1BA81C7E07F3008C4833 /* STUserProfileViewController.h */ = {isa = PBXFileReference; fileEncoding = 4; lastKnownFileType = sourcecode.c.h; name = STUserProfileViewController.h; path = "Login:SignUp/STUserProfileViewController.h"; sourceTree = "<group>"; };
		2BFA1BA91C7E07F3008C4833 /* STUserProfileViewController.m */ = {isa = PBXFileReference; fileEncoding = 4; lastKnownFileType = sourcecode.c.objc; name = STUserProfileViewController.m; path = "Login:SignUp/STUserProfileViewController.m"; sourceTree = "<group>"; };
		2BFA1BB21C7E0966008C4833 /* STSignUpViewController.h */ = {isa = PBXFileReference; fileEncoding = 4; lastKnownFileType = sourcecode.c.h; name = STSignUpViewController.h; path = "Login:SignUp/STSignUpViewController.h"; sourceTree = "<group>"; };
		2BFA1BB31C7E0966008C4833 /* STSignUpViewController.m */ = {isa = PBXFileReference; fileEncoding = 4; lastKnownFileType = sourcecode.c.objc; name = STSignUpViewController.m; path = "Login:SignUp/STSignUpViewController.m"; sourceTree = "<group>"; };
		2BFA1BB51C7E09AA008C4833 /* STProductCategoriesViewController.h */ = {isa = PBXFileReference; fileEncoding = 4; lastKnownFileType = sourcecode.c.h; name = STProductCategoriesViewController.h; path = Product/STProductCategoriesViewController.h; sourceTree = "<group>"; };
		2BFA1BB61C7E09AA008C4833 /* STProductCategoriesViewController.m */ = {isa = PBXFileReference; fileEncoding = 4; lastKnownFileType = sourcecode.c.objc; name = STProductCategoriesViewController.m; path = Product/STProductCategoriesViewController.m; sourceTree = "<group>"; };
		2BFA1BB81C7E09EA008C4833 /* STOrderConfirmationViewController.h */ = {isa = PBXFileReference; fileEncoding = 4; lastKnownFileType = sourcecode.c.h; name = STOrderConfirmationViewController.h; path = User/Orders/STOrderConfirmationViewController.h; sourceTree = "<group>"; };
		2BFA1BB91C7E09EA008C4833 /* STOrderConfirmationViewController.m */ = {isa = PBXFileReference; fileEncoding = 4; lastKnownFileType = sourcecode.c.objc; name = STOrderConfirmationViewController.m; path = User/Orders/STOrderConfirmationViewController.m; sourceTree = "<group>"; };
		2BFA1BBB1C7E0A21008C4833 /* STCartViewController.h */ = {isa = PBXFileReference; fileEncoding = 4; lastKnownFileType = sourcecode.c.h; name = STCartViewController.h; path = Payment/STCartViewController.h; sourceTree = "<group>"; };
		2BFA1BBC1C7E0A21008C4833 /* STCartViewController.m */ = {isa = PBXFileReference; fileEncoding = 4; lastKnownFileType = sourcecode.c.objc; name = STCartViewController.m; path = Payment/STCartViewController.m; sourceTree = "<group>"; };
		2BFA1BBE1C7E0C1B008C4833 /* STMacros.h */ = {isa = PBXFileReference; fileEncoding = 4; lastKnownFileType = sourcecode.c.h; name = STMacros.h; path = Utilities/STMacros.h; sourceTree = "<group>"; };
		2BFA1BC41C7E0DCA008C4833 /* STHttpRequest.h */ = {isa = PBXFileReference; fileEncoding = 4; lastKnownFileType = sourcecode.c.h; name = STHttpRequest.h; path = Network/STHttpRequest.h; sourceTree = "<group>"; };
		2BFA1BC51C7E0DCA008C4833 /* STHttpRequest.m */ = {isa = PBXFileReference; fileEncoding = 4; lastKnownFileType = sourcecode.c.objc; name = STHttpRequest.m; path = Network/STHttpRequest.m; sourceTree = "<group>"; };
		2BFA1BC61C7E0DCA008C4833 /* Reachability.h */ = {isa = PBXFileReference; fileEncoding = 4; lastKnownFileType = sourcecode.c.h; name = Reachability.h; path = Network/Reachability.h; sourceTree = "<group>"; };
		2BFA1BC71C7E0DCA008C4833 /* Reachability.m */ = {isa = PBXFileReference; fileEncoding = 4; lastKnownFileType = sourcecode.c.objc; name = Reachability.m; path = Network/Reachability.m; sourceTree = "<group>"; };
		2BFA1BCA1C7E262D008C4833 /* _night_bg.jpg */ = {isa = PBXFileReference; lastKnownFileType = image.jpeg; path = _night_bg.jpg; sourceTree = "<group>"; };
		2BFA1BCD1C7E30F6008C4833 /* STProductCategoryHeaderCollectionReusableView.h */ = {isa = PBXFileReference; fileEncoding = 4; lastKnownFileType = sourcecode.c.h; name = STProductCategoryHeaderCollectionReusableView.h; path = Product/STProductCategoryHeaderCollectionReusableView.h; sourceTree = "<group>"; };
		2BFA1BCE1C7E30F6008C4833 /* STProductCategoryHeaderCollectionReusableView.m */ = {isa = PBXFileReference; fileEncoding = 4; lastKnownFileType = sourcecode.c.objc; name = STProductCategoryHeaderCollectionReusableView.m; path = Product/STProductCategoryHeaderCollectionReusableView.m; sourceTree = "<group>"; };
		2BFA1BD01C7E3118008C4833 /* STProductCategoryCollectionViewCell.h */ = {isa = PBXFileReference; fileEncoding = 4; lastKnownFileType = sourcecode.c.h; name = STProductCategoryCollectionViewCell.h; path = Product/STProductCategoryCollectionViewCell.h; sourceTree = "<group>"; };
		2BFA1BD11C7E3118008C4833 /* STProductCategoryCollectionViewCell.m */ = {isa = PBXFileReference; fileEncoding = 4; lastKnownFileType = sourcecode.c.objc; name = STProductCategoryCollectionViewCell.m; path = Product/STProductCategoryCollectionViewCell.m; sourceTree = "<group>"; };
		2BFA1BD31C7E3763008C4833 /* teaCup.jpeg */ = {isa = PBXFileReference; lastKnownFileType = image.jpeg; path = teaCup.jpeg; sourceTree = "<group>"; };
		2BFA1BD61C7E3A28008C4833 /* STProductListCollectionViewCell.h */ = {isa = PBXFileReference; fileEncoding = 4; lastKnownFileType = sourcecode.c.h; name = STProductListCollectionViewCell.h; path = Product/STProductListCollectionViewCell.h; sourceTree = "<group>"; };
		2BFA1BD71C7E3A28008C4833 /* STProductListCollectionViewCell.m */ = {isa = PBXFileReference; fileEncoding = 4; lastKnownFileType = sourcecode.c.objc; name = STProductListCollectionViewCell.m; path = Product/STProductListCollectionViewCell.m; sourceTree = "<group>"; };
/* End PBXFileReference section */

/* Begin PBXFrameworksBuildPhase section */
		2BA72EDF1C7DC8F0006105B6 /* Frameworks */ = {
			isa = PBXFrameworksBuildPhase;
			buildActionMask = 2147483647;
			files = (
			);
			runOnlyForDeploymentPostprocessing = 0;
		};
		2BA72EF81C7DC8F0006105B6 /* Frameworks */ = {
			isa = PBXFrameworksBuildPhase;
			buildActionMask = 2147483647;
			files = (
			);
			runOnlyForDeploymentPostprocessing = 0;
		};
		2BA72F031C7DC8F0006105B6 /* Frameworks */ = {
			isa = PBXFrameworksBuildPhase;
			buildActionMask = 2147483647;
			files = (
			);
			runOnlyForDeploymentPostprocessing = 0;
		};
/* End PBXFrameworksBuildPhase section */

/* Begin PBXGroup section */
		2B456F7F1C7F54DA00C240A5 /* Menu */ = {
			isa = PBXGroup;
			children = (
				2B456F9C1C7F5C4400C240A5 /* STMenuTableHeaderView.xib */,
				2B456F9D1C7F5C4400C240A5 /* STMenuTableHeaderView.h */,
				2B456F9E1C7F5C4400C240A5 /* STMenuTableHeaderView.m */,
				2B456F9F1C7F5C4400C240A5 /* STMenuTableViewCell.h */,
				2B456FA01C7F5C4400C240A5 /* STMenuTableViewCell.m */,
				2B456F801C7F550D00C240A5 /* REFrostedViewController */,
				2B456F961C7F570E00C240A5 /* STMenuTableViewController.h */,
				2B456F971C7F570E00C240A5 /* STMenuTableViewController.m */,
				2B456FA41C7F602100C240A5 /* STMenuUserInfoTableHeaderView.h */,
				2B456FA51C7F602100C240A5 /* STMenuUserInfoTableHeaderView.m */,
				2B456FA71C7F603800C240A5 /* STMenuUserInfoTableHeaderView.xib */,
			);
			name = Menu;
			sourceTree = "<group>";
		};
		2B456F801C7F550D00C240A5 /* REFrostedViewController */ = {
			isa = PBXGroup;
			children = (
				2B456F811C7F550D00C240A5 /* RECommonFunctions.h */,
				2B456F821C7F550D00C240A5 /* RECommonFunctions.m */,
				2B456F831C7F550D00C240A5 /* REFrostedContainerViewController.h */,
				2B456F841C7F550D00C240A5 /* REFrostedContainerViewController.m */,
				2B456F851C7F550D00C240A5 /* REFrostedViewController.h */,
				2B456F861C7F550D00C240A5 /* REFrostedViewController.m */,
				2B456F871C7F550D00C240A5 /* UIImage+REFrostedViewController.h */,
				2B456F881C7F550D00C240A5 /* UIImage+REFrostedViewController.m */,
				2B456F891C7F550D00C240A5 /* UIView+REFrostedViewController.h */,
				2B456F8A1C7F550D00C240A5 /* UIView+REFrostedViewController.m */,
				2B456F8B1C7F550D00C240A5 /* UIViewController+REFrostedViewController.h */,
				2B456F8C1C7F550D00C240A5 /* UIViewController+REFrostedViewController.m */,
			);
			path = REFrostedViewController;
			sourceTree = "<group>";
		};
		2B456FAC1C7F807700C240A5 /* productDetail */ = {
			isa = PBXGroup;
			children = (
				2B456FAF1C7F80B100C240A5 /* STProductInfoTableViewCell.xib */,
				2B456FB41C7F80E600C240A5 /* STProductInfo2TableViewCell.xib */,
				2B456FBA1C7F810F00C240A5 /* STProductDescriptionTableViewCell.xib */,
			);
			name = productDetail;
			sourceTree = "<group>";
		};
		2BA72ED91C7DC8F0006105B6 = {
			isa = PBXGroup;
			children = (
				2BA72EE41C7DC8F0006105B6 /* SublimeTea */,
				2BA72EFE1C7DC8F0006105B6 /* SublimeTeaTests */,
				2BA72F091C7DC8F0006105B6 /* SublimeTeaUITests */,
				2BA72EE31C7DC8F0006105B6 /* Products */,
			);
			sourceTree = "<group>";
		};
		2BA72EE31C7DC8F0006105B6 /* Products */ = {
			isa = PBXGroup;
			children = (
				2BA72EE21C7DC8F0006105B6 /* SublimeTea.app */,
				2BA72EFB1C7DC8F0006105B6 /* SublimeTeaTests.xctest */,
				2BA72F061C7DC8F0006105B6 /* SublimeTeaUITests.xctest */,
			);
			name = Products;
			sourceTree = "<group>";
		};
		2BA72EE41C7DC8F0006105B6 /* SublimeTea */ = {
			isa = PBXGroup;
			children = (
				2BFA1B6F1C7DFDCE008C4833 /* UI */,
				2BFA1B6E1C7DFDB6008C4833 /* Classes */,
				2BFA1B6D1C7DFDAC008C4833 /* Network */,
				2BFA1B6C1C7DFD69008C4833 /* Utilities */,
				2BA72EE81C7DC8F0006105B6 /* STAppDelegate.h */,
				2BA72EE91C7DC8F0006105B6 /* STAppDelegate.m */,
				2BA72EF11C7DC8F0006105B6 /* Assets.xcassets */,
				2BFA1BD31C7E3763008C4833 /* teaCup.jpeg */,
				2BFA1BCA1C7E262D008C4833 /* _night_bg.jpg */,
				2BA72EF61C7DC8F0006105B6 /* Info.plist */,
				2BA72EE51C7DC8F0006105B6 /* Supporting Files */,
			);
			path = SublimeTea;
			sourceTree = "<group>";
		};
		2BA72EE51C7DC8F0006105B6 /* Supporting Files */ = {
			isa = PBXGroup;
			children = (
				2BA72EE61C7DC8F0006105B6 /* main.m */,
			);
			name = "Supporting Files";
			sourceTree = "<group>";
		};
		2BA72EFE1C7DC8F0006105B6 /* SublimeTeaTests */ = {
			isa = PBXGroup;
			children = (
				2BA72EFF1C7DC8F0006105B6 /* SublimeTeaTests.m */,
				2BA72F011C7DC8F0006105B6 /* Info.plist */,
			);
			path = SublimeTeaTests;
			sourceTree = "<group>";
		};
		2BA72F091C7DC8F0006105B6 /* SublimeTeaUITests */ = {
			isa = PBXGroup;
			children = (
				2BA72F0A1C7DC8F0006105B6 /* SublimeTeaUITests.m */,
				2BA72F0C1C7DC8F0006105B6 /* Info.plist */,
			);
			path = SublimeTeaUITests;
			sourceTree = "<group>";
		};
		2BFA1B6C1C7DFD69008C4833 /* Utilities */ = {
			isa = PBXGroup;
			children = (
				2BFA1B7E1C7DFFD1008C4833 /* XMLParser */,
				2BFA1B7D1C7DFFBC008C4833 /* LoadingIndicator */,
				2BFA1B7C1C7DFFA5008C4833 /* CacheManager */,
				2BFA1B851C7E0121008C4833 /* STConstants.h */,
				2BFA1B861C7E0121008C4833 /* STConstants.m */,
				2BFA1BBE1C7E0C1B008C4833 /* STMacros.h */,
				2B456FA91C7F77C600C240A5 /* STUtility.h */,
				2B456FAA1C7F77C600C240A5 /* STUtility.m */,
			);
			name = Utilities;
			sourceTree = "<group>";
		};
		2BFA1B6D1C7DFDAC008C4833 /* Network */ = {
			isa = PBXGroup;
			children = (
				2BFA1BC41C7E0DCA008C4833 /* STHttpRequest.h */,
				2BFA1BC51C7E0DCA008C4833 /* STHttpRequest.m */,
				2BFA1BC61C7E0DCA008C4833 /* Reachability.h */,
				2BFA1BC71C7E0DCA008C4833 /* Reachability.m */,
			);
			name = Network;
			sourceTree = "<group>";
		};
		2BFA1B6E1C7DFDB6008C4833 /* Classes */ = {
			isa = PBXGroup;
			children = (
				2B456F7F1C7F54DA00C240A5 /* Menu */,
				2BFA1BAE1C7E08C4008C4833 /* Payment */,
				2BFA1BA71C7E060E008C4833 /* User */,
				2BFA1B991C7E0531008C4833 /* Product */,
				2BFA1B951C7E040D008C4833 /* BaseViewController */,
				2BFA1B961C7E0451008C4833 /* STDashboardViewController.h */,
				2BFA1B971C7E0451008C4833 /* STDashboardViewController.m */,
				2B456F931C7F558900C240A5 /* STRootViewController.h */,
				2B456F941C7F558900C240A5 /* STRootViewController.m */,
				2B456F991C7F579C00C240A5 /* STNavigationController.h */,
				2B456F9A1C7F579C00C240A5 /* STNavigationController.m */,
			);
			name = Classes;
			sourceTree = "<group>";
		};
		2BFA1B6F1C7DFDCE008C4833 /* UI */ = {
			isa = PBXGroup;
			children = (
				2B456FAC1C7F807700C240A5 /* productDetail */,
				2BA72EEE1C7DC8F0006105B6 /* Main.storyboard */,
				2BA72EF31C7DC8F0006105B6 /* LaunchScreen.storyboard */,
			);
			name = UI;
			sourceTree = "<group>";
		};
		2BFA1B7C1C7DFFA5008C4833 /* CacheManager */ = {
			isa = PBXGroup;
			children = (
				2BFA1B791C7DFF52008C4833 /* STGlobalCacheManager.h */,
				2BFA1B7A1C7DFF52008C4833 /* STGlobalCacheManager.m */,
			);
			name = CacheManager;
			sourceTree = "<group>";
		};
		2BFA1B7D1C7DFFBC008C4833 /* LoadingIndicator */ = {
			isa = PBXGroup;
			children = (
				2BFA1B731C7DFEC1008C4833 /* MBProgressHUD.h */,
				2BFA1B741C7DFEC1008C4833 /* MBProgressHUD.m */,
			);
			name = LoadingIndicator;
			sourceTree = "<group>";
		};
		2BFA1B7E1C7DFFD1008C4833 /* XMLParser */ = {
			isa = PBXGroup;
			children = (
				2BFA1B821C7E00E3008C4833 /* XMLDictionary.h */,
				2BFA1B831C7E00E3008C4833 /* XMLDictionary.m */,
			);
			name = XMLParser;
			sourceTree = "<group>";
		};
		2BFA1B8E1C7E038A008C4833 /* Login/SignUp */ = {
			isa = PBXGroup;
			children = (
				2BFA1BB21C7E0966008C4833 /* STSignUpViewController.h */,
				2BFA1BB31C7E0966008C4833 /* STSignUpViewController.m */,
				2BFA1B8B1C7E0381008C4833 /* STLoginViewController.h */,
				2BFA1B8C1C7E0381008C4833 /* STLoginViewController.m */,
				2BFA1B8F1C7E03B2008C4833 /* STForgotPasswordViewController.h */,
				2BFA1B901C7E03B2008C4833 /* STForgotPasswordViewController.m */,
			);
			name = Login/SignUp;
			sourceTree = "<group>";
		};
		2BFA1B951C7E040D008C4833 /* BaseViewController */ = {
			isa = PBXGroup;
			children = (
				2BA72EEB1C7DC8F0006105B6 /* STViewController.h */,
				2BA72EEC1C7DC8F0006105B6 /* STViewController.m */,
			);
			name = BaseViewController;
			sourceTree = "<group>";
		};
		2BFA1B991C7E0531008C4833 /* Product */ = {
			isa = PBXGroup;
			children = (
				2B456FB81C7F810F00C240A5 /* STProductDescriptionTableViewCell.h */,
				2B456FB91C7F810F00C240A5 /* STProductDescriptionTableViewCell.m */,
				2B456FB21C7F80E600C240A5 /* STProductInfo2TableViewCell.h */,
				2B456FB31C7F80E600C240A5 /* STProductInfo2TableViewCell.m */,
				2B456FAD1C7F80B100C240A5 /* STProductInfoTableViewCell.h */,
				2B456FAE1C7F80B100C240A5 /* STProductInfoTableViewCell.m */,
				2BFA1BD51C7E39FD008C4833 /* ProductList */,
				2BFA1BCC1C7E3058008C4833 /* Category */,
				2BFA1BA01C7E058B008C4833 /* STProductDetailViewController.h */,
				2BFA1BA11C7E058B008C4833 /* STProductDetailViewController.m */,
			);
			name = Product;
			sourceTree = "<group>";
		};
		2BFA1BA31C7E05BB008C4833 /* Orders */ = {
			isa = PBXGroup;
			children = (
				2BFA1BB81C7E09EA008C4833 /* STOrderConfirmationViewController.h */,
				2BFA1BB91C7E09EA008C4833 /* STOrderConfirmationViewController.m */,
				2BFA1BA41C7E0604008C4833 /* STOrderListViewController.h */,
				2BFA1BA51C7E0604008C4833 /* STOrderListViewController.m */,
			);
			name = Orders;
			sourceTree = "<group>";
		};
		2BFA1BA71C7E060E008C4833 /* User */ = {
			isa = PBXGroup;
			children = (
				2BFA1BA31C7E05BB008C4833 /* Orders */,
				2BFA1B8E1C7E038A008C4833 /* Login/SignUp */,
				2BFA1BA81C7E07F3008C4833 /* STUserProfileViewController.h */,
				2BFA1BA91C7E07F3008C4833 /* STUserProfileViewController.m */,
			);
			name = User;
			sourceTree = "<group>";
		};
		2BFA1BAE1C7E08C4008C4833 /* Payment */ = {
			isa = PBXGroup;
			children = (
				2BFA1BBB1C7E0A21008C4833 /* STCartViewController.h */,
				2BFA1BBC1C7E0A21008C4833 /* STCartViewController.m */,
			);
			name = Payment;
			sourceTree = "<group>";
		};
		2BFA1BCC1C7E3058008C4833 /* Category */ = {
			isa = PBXGroup;
			children = (
				2BFA1BB51C7E09AA008C4833 /* STProductCategoriesViewController.h */,
				2BFA1BB61C7E09AA008C4833 /* STProductCategoriesViewController.m */,
				2BFA1BCD1C7E30F6008C4833 /* STProductCategoryHeaderCollectionReusableView.h */,
				2BFA1BCE1C7E30F6008C4833 /* STProductCategoryHeaderCollectionReusableView.m */,
				2BFA1BD01C7E3118008C4833 /* STProductCategoryCollectionViewCell.h */,
				2BFA1BD11C7E3118008C4833 /* STProductCategoryCollectionViewCell.m */,
			);
			name = Category;
			sourceTree = "<group>";
		};
		2BFA1BD51C7E39FD008C4833 /* ProductList */ = {
			isa = PBXGroup;
			children = (
				2BFA1B9D1C7E0574008C4833 /* STProductViewController.h */,
				2BFA1B9E1C7E0574008C4833 /* STProductViewController.m */,
				2BFA1BD61C7E3A28008C4833 /* STProductListCollectionViewCell.h */,
				2BFA1BD71C7E3A28008C4833 /* STProductListCollectionViewCell.m */,
			);
			name = ProductList;
			sourceTree = "<group>";
		};
/* End PBXGroup section */

/* Begin PBXNativeTarget section */
		2BA72EE11C7DC8F0006105B6 /* SublimeTea */ = {
			isa = PBXNativeTarget;
			buildConfigurationList = 2BA72F0F1C7DC8F0006105B6 /* Build configuration list for PBXNativeTarget "SublimeTea" */;
			buildPhases = (
				2BA72EDE1C7DC8F0006105B6 /* Sources */,
				2BA72EDF1C7DC8F0006105B6 /* Frameworks */,
				2BA72EE01C7DC8F0006105B6 /* Resources */,
			);
			buildRules = (
			);
			dependencies = (
			);
			name = SublimeTea;
			productName = SublimeTea;
			productReference = 2BA72EE21C7DC8F0006105B6 /* SublimeTea.app */;
			productType = "com.apple.product-type.application";
		};
		2BA72EFA1C7DC8F0006105B6 /* SublimeTeaTests */ = {
			isa = PBXNativeTarget;
			buildConfigurationList = 2BA72F121C7DC8F0006105B6 /* Build configuration list for PBXNativeTarget "SublimeTeaTests" */;
			buildPhases = (
				2BA72EF71C7DC8F0006105B6 /* Sources */,
				2BA72EF81C7DC8F0006105B6 /* Frameworks */,
				2BA72EF91C7DC8F0006105B6 /* Resources */,
			);
			buildRules = (
			);
			dependencies = (
				2BA72EFD1C7DC8F0006105B6 /* PBXTargetDependency */,
			);
			name = SublimeTeaTests;
			productName = SublimeTeaTests;
			productReference = 2BA72EFB1C7DC8F0006105B6 /* SublimeTeaTests.xctest */;
			productType = "com.apple.product-type.bundle.unit-test";
		};
		2BA72F051C7DC8F0006105B6 /* SublimeTeaUITests */ = {
			isa = PBXNativeTarget;
			buildConfigurationList = 2BA72F151C7DC8F0006105B6 /* Build configuration list for PBXNativeTarget "SublimeTeaUITests" */;
			buildPhases = (
				2BA72F021C7DC8F0006105B6 /* Sources */,
				2BA72F031C7DC8F0006105B6 /* Frameworks */,
				2BA72F041C7DC8F0006105B6 /* Resources */,
			);
			buildRules = (
			);
			dependencies = (
				2BA72F081C7DC8F0006105B6 /* PBXTargetDependency */,
			);
			name = SublimeTeaUITests;
			productName = SublimeTeaUITests;
			productReference = 2BA72F061C7DC8F0006105B6 /* SublimeTeaUITests.xctest */;
			productType = "com.apple.product-type.bundle.ui-testing";
		};
/* End PBXNativeTarget section */

/* Begin PBXProject section */
		2BA72EDA1C7DC8F0006105B6 /* Project object */ = {
			isa = PBXProject;
			attributes = {
				LastUpgradeCheck = 0720;
				ORGANIZATIONNAME = "Arpit Mishra";
				TargetAttributes = {
					2BA72EE11C7DC8F0006105B6 = {
						CreatedOnToolsVersion = 7.2;
					};
					2BA72EFA1C7DC8F0006105B6 = {
						CreatedOnToolsVersion = 7.2;
						TestTargetID = 2BA72EE11C7DC8F0006105B6;
					};
					2BA72F051C7DC8F0006105B6 = {
						CreatedOnToolsVersion = 7.2;
						TestTargetID = 2BA72EE11C7DC8F0006105B6;
					};
				};
			};
			buildConfigurationList = 2BA72EDD1C7DC8F0006105B6 /* Build configuration list for PBXProject "SublimeTea" */;
			compatibilityVersion = "Xcode 3.2";
			developmentRegion = English;
			hasScannedForEncodings = 0;
			knownRegions = (
				en,
				Base,
			);
			mainGroup = 2BA72ED91C7DC8F0006105B6;
			productRefGroup = 2BA72EE31C7DC8F0006105B6 /* Products */;
			projectDirPath = "";
			projectRoot = "";
			targets = (
				2BA72EE11C7DC8F0006105B6 /* SublimeTea */,
				2BA72EFA1C7DC8F0006105B6 /* SublimeTeaTests */,
				2BA72F051C7DC8F0006105B6 /* SublimeTeaUITests */,
			);
		};
/* End PBXProject section */

/* Begin PBXResourcesBuildPhase section */
		2BA72EE01C7DC8F0006105B6 /* Resources */ = {
			isa = PBXResourcesBuildPhase;
			buildActionMask = 2147483647;
			files = (
				2B456FA81C7F603800C240A5 /* STMenuUserInfoTableHeaderView.xib in Resources */,
				2BA72EF51C7DC8F0006105B6 /* LaunchScreen.storyboard in Resources */,
				2BFA1BD41C7E3763008C4833 /* teaCup.jpeg in Resources */,
				2BFA1BCB1C7E262D008C4833 /* _night_bg.jpg in Resources */,
				2BA72EF21C7DC8F0006105B6 /* Assets.xcassets in Resources */,
				2B456FA11C7F5C4400C240A5 /* STMenuTableHeaderView.xib in Resources */,
				2B456FB11C7F80B100C240A5 /* STProductInfoTableViewCell.xib in Resources */,
				2BA72EF01C7DC8F0006105B6 /* Main.storyboard in Resources */,
				2B456FB61C7F80E600C240A5 /* STProductInfo2TableViewCell.xib in Resources */,
				2B456FBC1C7F810F00C240A5 /* STProductDescriptionTableViewCell.xib in Resources */,
			);
			runOnlyForDeploymentPostprocessing = 0;
		};
		2BA72EF91C7DC8F0006105B6 /* Resources */ = {
			isa = PBXResourcesBuildPhase;
			buildActionMask = 2147483647;
			files = (
			);
			runOnlyForDeploymentPostprocessing = 0;
		};
		2BA72F041C7DC8F0006105B6 /* Resources */ = {
			isa = PBXResourcesBuildPhase;
			buildActionMask = 2147483647;
			files = (
			);
			runOnlyForDeploymentPostprocessing = 0;
		};
/* End PBXResourcesBuildPhase section */

/* Begin PBXSourcesBuildPhase section */
		2BA72EDE1C7DC8F0006105B6 /* Sources */ = {
			isa = PBXSourcesBuildPhase;
			buildActionMask = 2147483647;
			files = (
				2B456FBB1C7F810F00C240A5 /* STProductDescriptionTableViewCell.m in Sources */,
				2BFA1BB41C7E0966008C4833 /* STSignUpViewController.m in Sources */,
				2BFA1B9F1C7E0574008C4833 /* STProductViewController.m in Sources */,
				2BFA1BA21C7E058B008C4833 /* STProductDetailViewController.m in Sources */,
				2B456F951C7F558900C240A5 /* STRootViewController.m in Sources */,
				2BFA1BD21C7E3118008C4833 /* STProductCategoryCollectionViewCell.m in Sources */,
				2B456F901C7F550D00C240A5 /* UIImage+REFrostedViewController.m in Sources */,
				2BA72EED1C7DC8F0006105B6 /* STViewController.m in Sources */,
				2BFA1BBA1C7E09EA008C4833 /* STOrderConfirmationViewController.m in Sources */,
				2BFA1BA61C7E0604008C4833 /* STOrderListViewController.m in Sources */,
				2B456FA31C7F5C4400C240A5 /* STMenuTableViewCell.m in Sources */,
				2B456F8D1C7F550D00C240A5 /* RECommonFunctions.m in Sources */,
				2BFA1BB71C7E09AA008C4833 /* STProductCategoriesViewController.m in Sources */,
				2B456FB01C7F80B100C240A5 /* STProductInfoTableViewCell.m in Sources */,
				2BA72EEA1C7DC8F0006105B6 /* STAppDelegate.m in Sources */,
				2BFA1B981C7E0451008C4833 /* STDashboardViewController.m in Sources */,
				2B456F911C7F550D00C240A5 /* UIView+REFrostedViewController.m in Sources */,
				2B456F9B1C7F579C00C240A5 /* STNavigationController.m in Sources */,
				2B456F8F1C7F550D00C240A5 /* REFrostedViewController.m in Sources */,
				2BFA1B8D1C7E0381008C4833 /* STLoginViewController.m in Sources */,
				2B456FA21C7F5C4400C240A5 /* STMenuTableHeaderView.m in Sources */,
				2BA72EE71C7DC8F0006105B6 /* main.m in Sources */,
				2BFA1BD81C7E3A28008C4833 /* STProductListCollectionViewCell.m in Sources */,
				2B456FAB1C7F77C600C240A5 /* STUtility.m in Sources */,
				2BFA1B7B1C7DFF52008C4833 /* STGlobalCacheManager.m in Sources */,
				2BFA1BBD1C7E0A21008C4833 /* STCartViewController.m in Sources */,
				2BFA1BC81C7E0DCA008C4833 /* STHttpRequest.m in Sources */,
				2B456F921C7F550D00C240A5 /* UIViewController+REFrostedViewController.m in Sources */,
				2BFA1BC91C7E0DCA008C4833 /* Reachability.m in Sources */,
				2BFA1B911C7E03B2008C4833 /* STForgotPasswordViewController.m in Sources */,
				2BFA1B751C7DFEC1008C4833 /* MBProgressHUD.m in Sources */,
				2B456F8E1C7F550D00C240A5 /* REFrostedContainerViewController.m in Sources */,
				2BFA1BAA1C7E07F3008C4833 /* STUserProfileViewController.m in Sources */,
				2B456F981C7F570E00C240A5 /* STMenuTableViewController.m in Sources */,
				2B456FB51C7F80E600C240A5 /* STProductInfo2TableViewCell.m in Sources */,
				2BFA1B841C7E00E3008C4833 /* XMLDictionary.m in Sources */,
				2BFA1B871C7E0121008C4833 /* STConstants.m in Sources */,
				2BFA1BCF1C7E30F6008C4833 /* STProductCategoryHeaderCollectionReusableView.m in Sources */,
				2B456FA61C7F602100C240A5 /* STMenuUserInfoTableHeaderView.m in Sources */,
			);
			runOnlyForDeploymentPostprocessing = 0;
		};
		2BA72EF71C7DC8F0006105B6 /* Sources */ = {
			isa = PBXSourcesBuildPhase;
			buildActionMask = 2147483647;
			files = (
				2BA72F001C7DC8F0006105B6 /* SublimeTeaTests.m in Sources */,
			);
			runOnlyForDeploymentPostprocessing = 0;
		};
		2BA72F021C7DC8F0006105B6 /* Sources */ = {
			isa = PBXSourcesBuildPhase;
			buildActionMask = 2147483647;
			files = (
				2BA72F0B1C7DC8F0006105B6 /* SublimeTeaUITests.m in Sources */,
			);
			runOnlyForDeploymentPostprocessing = 0;
		};
/* End PBXSourcesBuildPhase section */

/* Begin PBXTargetDependency section */
		2BA72EFD1C7DC8F0006105B6 /* PBXTargetDependency */ = {
			isa = PBXTargetDependency;
			target = 2BA72EE11C7DC8F0006105B6 /* SublimeTea */;
			targetProxy = 2BA72EFC1C7DC8F0006105B6 /* PBXContainerItemProxy */;
		};
		2BA72F081C7DC8F0006105B6 /* PBXTargetDependency */ = {
			isa = PBXTargetDependency;
			target = 2BA72EE11C7DC8F0006105B6 /* SublimeTea */;
			targetProxy = 2BA72F071C7DC8F0006105B6 /* PBXContainerItemProxy */;
		};
/* End PBXTargetDependency section */

/* Begin PBXVariantGroup section */
		2BA72EEE1C7DC8F0006105B6 /* Main.storyboard */ = {
			isa = PBXVariantGroup;
			children = (
				2BA72EEF1C7DC8F0006105B6 /* Base */,
			);
			name = Main.storyboard;
			sourceTree = "<group>";
		};
		2BA72EF31C7DC8F0006105B6 /* LaunchScreen.storyboard */ = {
			isa = PBXVariantGroup;
			children = (
				2BA72EF41C7DC8F0006105B6 /* Base */,
			);
			name = LaunchScreen.storyboard;
			sourceTree = "<group>";
		};
/* End PBXVariantGroup section */

/* Begin XCBuildConfiguration section */
		2BA72F0D1C7DC8F0006105B6 /* Debug */ = {
			isa = XCBuildConfiguration;
			buildSettings = {
				ALWAYS_SEARCH_USER_PATHS = NO;
				CLANG_CXX_LANGUAGE_STANDARD = "gnu++0x";
				CLANG_CXX_LIBRARY = "libc++";
				CLANG_ENABLE_MODULES = YES;
				CLANG_ENABLE_OBJC_ARC = YES;
				CLANG_WARN_BOOL_CONVERSION = YES;
				CLANG_WARN_CONSTANT_CONVERSION = YES;
				CLANG_WARN_DIRECT_OBJC_ISA_USAGE = YES_ERROR;
				CLANG_WARN_EMPTY_BODY = YES;
				CLANG_WARN_ENUM_CONVERSION = YES;
				CLANG_WARN_INT_CONVERSION = YES;
				CLANG_WARN_OBJC_ROOT_CLASS = YES_ERROR;
				CLANG_WARN_UNREACHABLE_CODE = YES;
				CLANG_WARN__DUPLICATE_METHOD_MATCH = YES;
				"CODE_SIGN_IDENTITY[sdk=iphoneos*]" = "iPhone Developer";
				COPY_PHASE_STRIP = NO;
				DEBUG_INFORMATION_FORMAT = dwarf;
				ENABLE_STRICT_OBJC_MSGSEND = YES;
				ENABLE_TESTABILITY = YES;
				GCC_C_LANGUAGE_STANDARD = gnu99;
				GCC_DYNAMIC_NO_PIC = NO;
				GCC_NO_COMMON_BLOCKS = YES;
				GCC_OPTIMIZATION_LEVEL = 0;
				GCC_PREPROCESSOR_DEFINITIONS = (
					"DEBUG=1",
					"$(inherited)",
				);
				GCC_WARN_64_TO_32_BIT_CONVERSION = YES;
				GCC_WARN_ABOUT_RETURN_TYPE = YES_ERROR;
				GCC_WARN_UNDECLARED_SELECTOR = YES;
				GCC_WARN_UNINITIALIZED_AUTOS = YES_AGGRESSIVE;
				GCC_WARN_UNUSED_FUNCTION = YES;
				GCC_WARN_UNUSED_VARIABLE = YES;
				IPHONEOS_DEPLOYMENT_TARGET = 9.2;
				MTL_ENABLE_DEBUG_INFO = YES;
				ONLY_ACTIVE_ARCH = YES;
				SDKROOT = iphoneos;
				TARGETED_DEVICE_FAMILY = "1,2";
			};
			name = Debug;
		};
		2BA72F0E1C7DC8F0006105B6 /* Release */ = {
			isa = XCBuildConfiguration;
			buildSettings = {
				ALWAYS_SEARCH_USER_PATHS = NO;
				CLANG_CXX_LANGUAGE_STANDARD = "gnu++0x";
				CLANG_CXX_LIBRARY = "libc++";
				CLANG_ENABLE_MODULES = YES;
				CLANG_ENABLE_OBJC_ARC = YES;
				CLANG_WARN_BOOL_CONVERSION = YES;
				CLANG_WARN_CONSTANT_CONVERSION = YES;
				CLANG_WARN_DIRECT_OBJC_ISA_USAGE = YES_ERROR;
				CLANG_WARN_EMPTY_BODY = YES;
				CLANG_WARN_ENUM_CONVERSION = YES;
				CLANG_WARN_INT_CONVERSION = YES;
				CLANG_WARN_OBJC_ROOT_CLASS = YES_ERROR;
				CLANG_WARN_UNREACHABLE_CODE = YES;
				CLANG_WARN__DUPLICATE_METHOD_MATCH = YES;
				"CODE_SIGN_IDENTITY[sdk=iphoneos*]" = "iPhone Developer";
				COPY_PHASE_STRIP = NO;
				DEBUG_INFORMATION_FORMAT = "dwarf-with-dsym";
				ENABLE_NS_ASSERTIONS = NO;
				ENABLE_STRICT_OBJC_MSGSEND = YES;
				GCC_C_LANGUAGE_STANDARD = gnu99;
				GCC_NO_COMMON_BLOCKS = YES;
				GCC_WARN_64_TO_32_BIT_CONVERSION = YES;
				GCC_WARN_ABOUT_RETURN_TYPE = YES_ERROR;
				GCC_WARN_UNDECLARED_SELECTOR = YES;
				GCC_WARN_UNINITIALIZED_AUTOS = YES_AGGRESSIVE;
				GCC_WARN_UNUSED_FUNCTION = YES;
				GCC_WARN_UNUSED_VARIABLE = YES;
				IPHONEOS_DEPLOYMENT_TARGET = 9.2;
				MTL_ENABLE_DEBUG_INFO = NO;
				SDKROOT = iphoneos;
				TARGETED_DEVICE_FAMILY = "1,2";
				VALIDATE_PRODUCT = YES;
			};
			name = Release;
		};
		2BA72F101C7DC8F0006105B6 /* Debug */ = {
			isa = XCBuildConfiguration;
			buildSettings = {
				ASSETCATALOG_COMPILER_APPICON_NAME = AppIcon;
				INFOPLIST_FILE = SublimeTea/Info.plist;
				IPHONEOS_DEPLOYMENT_TARGET = 8.0;
				LD_RUNPATH_SEARCH_PATHS = "$(inherited) @executable_path/Frameworks";
				PRODUCT_BUNDLE_IDENTIFIER = Atechtron.SublimeTea;
				PRODUCT_NAME = "$(TARGET_NAME)";
				TARGETED_DEVICE_FAMILY = 1;
			};
			name = Debug;
		};
		2BA72F111C7DC8F0006105B6 /* Release */ = {
			isa = XCBuildConfiguration;
			buildSettings = {
				ASSETCATALOG_COMPILER_APPICON_NAME = AppIcon;
				INFOPLIST_FILE = SublimeTea/Info.plist;
				IPHONEOS_DEPLOYMENT_TARGET = 8.0;
				LD_RUNPATH_SEARCH_PATHS = "$(inherited) @executable_path/Frameworks";
				PRODUCT_BUNDLE_IDENTIFIER = Atechtron.SublimeTea;
				PRODUCT_NAME = "$(TARGET_NAME)";
				TARGETED_DEVICE_FAMILY = 1;
			};
			name = Release;
		};
		2BA72F131C7DC8F0006105B6 /* Debug */ = {
			isa = XCBuildConfiguration;
			buildSettings = {
				BUNDLE_LOADER = "$(TEST_HOST)";
				INFOPLIST_FILE = SublimeTeaTests/Info.plist;
				LD_RUNPATH_SEARCH_PATHS = "$(inherited) @executable_path/Frameworks @loader_path/Frameworks";
				PRODUCT_BUNDLE_IDENTIFIER = Atechtron.SublimeTeaTests;
				PRODUCT_NAME = "$(TARGET_NAME)";
				TEST_HOST = "$(BUILT_PRODUCTS_DIR)/SublimeTea.app/SublimeTea";
			};
			name = Debug;
		};
		2BA72F141C7DC8F0006105B6 /* Release */ = {
			isa = XCBuildConfiguration;
			buildSettings = {
				BUNDLE_LOADER = "$(TEST_HOST)";
				INFOPLIST_FILE = SublimeTeaTests/Info.plist;
				LD_RUNPATH_SEARCH_PATHS = "$(inherited) @executable_path/Frameworks @loader_path/Frameworks";
				PRODUCT_BUNDLE_IDENTIFIER = Atechtron.SublimeTeaTests;
				PRODUCT_NAME = "$(TARGET_NAME)";
				TEST_HOST = "$(BUILT_PRODUCTS_DIR)/SublimeTea.app/SublimeTea";
			};
			name = Release;
		};
		2BA72F161C7DC8F0006105B6 /* Debug */ = {
			isa = XCBuildConfiguration;
			buildSettings = {
				INFOPLIST_FILE = SublimeTeaUITests/Info.plist;
				LD_RUNPATH_SEARCH_PATHS = "$(inherited) @executable_path/Frameworks @loader_path/Frameworks";
				PRODUCT_BUNDLE_IDENTIFIER = Atechtron.SublimeTeaUITests;
				PRODUCT_NAME = "$(TARGET_NAME)";
				TEST_TARGET_NAME = SublimeTea;
				USES_XCTRUNNER = YES;
			};
			name = Debug;
		};
		2BA72F171C7DC8F0006105B6 /* Release */ = {
			isa = XCBuildConfiguration;
			buildSettings = {
				INFOPLIST_FILE = SublimeTeaUITests/Info.plist;
				LD_RUNPATH_SEARCH_PATHS = "$(inherited) @executable_path/Frameworks @loader_path/Frameworks";
				PRODUCT_BUNDLE_IDENTIFIER = Atechtron.SublimeTeaUITests;
				PRODUCT_NAME = "$(TARGET_NAME)";
				TEST_TARGET_NAME = SublimeTea;
				USES_XCTRUNNER = YES;
			};
			name = Release;
		};
/* End XCBuildConfiguration section */

/* Begin XCConfigurationList section */
		2BA72EDD1C7DC8F0006105B6 /* Build configuration list for PBXProject "SublimeTea" */ = {
			isa = XCConfigurationList;
			buildConfigurations = (
				2BA72F0D1C7DC8F0006105B6 /* Debug */,
				2BA72F0E1C7DC8F0006105B6 /* Release */,
			);
			defaultConfigurationIsVisible = 0;
			defaultConfigurationName = Release;
		};
		2BA72F0F1C7DC8F0006105B6 /* Build configuration list for PBXNativeTarget "SublimeTea" */ = {
			isa = XCConfigurationList;
			buildConfigurations = (
				2BA72F101C7DC8F0006105B6 /* Debug */,
				2BA72F111C7DC8F0006105B6 /* Release */,
			);
			defaultConfigurationIsVisible = 0;
			defaultConfigurationName = Release;
		};
		2BA72F121C7DC8F0006105B6 /* Build configuration list for PBXNativeTarget "SublimeTeaTests" */ = {
			isa = XCConfigurationList;
			buildConfigurations = (
				2BA72F131C7DC8F0006105B6 /* Debug */,
				2BA72F141C7DC8F0006105B6 /* Release */,
			);
			defaultConfigurationIsVisible = 0;
			defaultConfigurationName = Release;
		};
		2BA72F151C7DC8F0006105B6 /* Build configuration list for PBXNativeTarget "SublimeTeaUITests" */ = {
			isa = XCConfigurationList;
			buildConfigurations = (
				2BA72F161C7DC8F0006105B6 /* Debug */,
				2BA72F171C7DC8F0006105B6 /* Release */,
			);
			defaultConfigurationIsVisible = 0;
			defaultConfigurationName = Release;
		};
/* End XCConfigurationList section */
	};
	rootObject = 2BA72EDA1C7DC8F0006105B6 /* Project object */;
}
